
Microsoft Visual Studio Solution File, Format Version 12.00
# Visual Studio Version 17
VisualStudioVersion = 17.8.34525.116
MinimumVisualStudioVersion = 10.0.40219.1
Project("{FAE04EC0-301F-11D3-BF4B-00C04F79EFBC}") = "ZeissRestWebServiceDemo", "ZeissRestWebServiceDemo.csproj", "{B0411816-546B-4A1D-AF12-1A1AAE9C0C4C}"
EndProject
Global
	GlobalSection(SolutionConfigurationPlatforms) = preSolution
		Debug|Any CPU = Debug|Any CPU
		Release|Any CPU = Release|Any CPU
	EndGlobalSection
	GlobalSection(ProjectConfigurationPlatforms) = postSolution
		{B0411816-546B-4A1D-AF12-1A1AAE9C0C4C}.Debug|Any CPU.ActiveCfg = Debug|Any CPU
		{B0411816-546B-4A1D-AF12-1A1AAE9C0C4C}.Debug|Any CPU.Build.0 = Debug|Any CPU
		{B0411816-546B-4A1D-AF12-1A1AAE9C0C4C}.Release|Any CPU.ActiveCfg = Release|Any CPU
		{B0411816-546B-4A1D-AF12-1A1AAE9C0C4C}.Release|Any CPU.Build.0 = Release|Any CPU
	EndGlobalSection
	GlobalSection(SolutionProperties) = preSolution
		HideSolutionNode = FALSE
	EndGlobalSection
	GlobalSection(ExtensibilityGlobals) = postSolution
		SolutionGuid = {F1C65676-ABC4-49C0-A6D9-0C917F0A8CF2}
	EndGlobalSection
EndGlobal
